
Microsoft Visual Studio Solution File, Format Version 12.00
# Visual Studio Version 17
VisualStudioVersion = 17.14.37027.9
MinimumVisualStudioVersion = 10.0.40219.1
Project("{FAE04EC0-301F-11D3-BF4B-00C04F79EFBC}") = "HomelabAPI.Presentation", "HomelabAPI.Presentation\HomelabAPI.Presentation.csproj", "{7BEA1590-7132-3D95-242C-988BE40D3617}"
EndProject
Project("{FAE04EC0-301F-11D3-BF4B-00C04F79EFBC}") = "HomelabAPI.Infrastructure", "HomelabAPI.Infrastructure\HomelabAPI.Infrastructure.csproj", "{490D978A-52E7-A7BE-F6DC-451AE3105185}"
EndProject
Project("{FAE04EC0-301F-11D3-BF4B-00C04F79EFBC}") = "HomelabAPI.Core", "HomelabAPI.Core\HomelabAPI.Core.csproj", "{63E0A45E-1244-8C90-8E09-7E07C2783DA1}"
EndProject
Project("{FAE04EC0-301F-11D3-BF4B-00C04F79EFBC}") = "HomelabAPI.Application", "HomelabAPI.Application\HomelabAPI.Application.csproj", "{3D3DAA0A-7AB5-65DA-DB2D-E1584CFB6E14}"
EndProject
Global
	GlobalSection(SolutionConfigurationPlatforms) = preSolution
		Debug|Any CPU = Debug|Any CPU
		Release|Any CPU = Release|Any CPU
	EndGlobalSection
	GlobalSection(ProjectConfigurationPlatforms) = postSolution
		{7BEA1590-7132-3D95-242C-988BE40D3617}.Debug|Any CPU.ActiveCfg = Debug|Any CPU
		{7BEA1590-7132-3D95-242C-988BE40D3617}.Debug|Any CPU.Build.0 = Debug|Any CPU
		{7BEA1590-7132-3D95-242C-988BE40D3617}.Release|Any CPU.ActiveCfg = Release|Any CPU
		{7BEA1590-7132-3D95-242C-988BE40D3617}.Release|Any CPU.Build.0 = Release|Any CPU
		{490D978A-52E7-A7BE-F6DC-451AE3105185}.Debug|Any CPU.ActiveCfg = Debug|Any CPU
		{490D978A-52E7-A7BE-F6DC-451AE3105185}.Debug|Any CPU.Build.0 = Debug|Any CPU
		{490D978A-52E7-A7BE-F6DC-451AE3105185}.Release|Any CPU.ActiveCfg = Release|Any CPU
		{490D978A-52E7-A7BE-F6DC-451AE3105185}.Release|Any CPU.Build.0 = Release|Any CPU
		{63E0A45E-1244-8C90-8E09-7E07C2783DA1}.Debug|Any CPU.ActiveCfg = Debug|Any CPU
		{63E0A45E-1244-8C90-8E09-7E07C2783DA1}.Debug|Any CPU.Build.0 = Debug|Any CPU
		{63E0A45E-1244-8C90-8E09-7E07C2783DA1}.Release|Any CPU.ActiveCfg = Release|Any CPU
		{63E0A45E-1244-8C90-8E09-7E07C2783DA1}.Release|Any CPU.Build.0 = Release|Any CPU
		{3D3DAA0A-7AB5-65DA-DB2D-E1584CFB6E14}.Debug|Any CPU.ActiveCfg = Debug|Any CPU
		{3D3DAA0A-7AB5-65DA-DB2D-E1584CFB6E14}.Debug|Any CPU.Build.0 = Debug|Any CPU
		{3D3DAA0A-7AB5-65DA-DB2D-E1584CFB6E14}.Release|Any CPU.ActiveCfg = Release|Any CPU
		{3D3DAA0A-7AB5-65DA-DB2D-E1584CFB6E14}.Release|Any CPU.Build.0 = Release|Any CPU
	EndGlobalSection
	GlobalSection(SolutionProperties) = preSolution
		HideSolutionNode = FALSE
	EndGlobalSection
	GlobalSection(ExtensibilityGlobals) = postSolution
		SolutionGuid = {E31C3ADB-33A9-4A21-84C1-389746477F23}
	EndGlobalSection
EndGlobal
